<?xml version="1.0" encoding="utf-8"?>
<Project ToolsVersion="4.0" xmlns="http://schemas.microsoft.com/developer/msbuild/2003">
  <ItemGroup>
    <Filter Include="소스 파일">
      <UniqueIdentifier>{4FC737F1-C7A5-4376-A066-2A32D752A2FF}</UniqueIdentifier>
      <Extensions>cpp;c;cc;cxx;c++;cppm;ixx;def;odl;idl;hpj;bat;asm;asmx</Extensions>
    </Filter>
    <Filter Include="헤더 파일">
      <UniqueIdentifier>{93995380-89BD-4b04-88EB-625FBE52EBFB}</UniqueIdentifier>
      <Extensions>h;hh;hpp;hxx;h++;hm;inl;inc;ipp;xsd</Extensions>
    </Filter>
    <Filter Include="리소스 파일">
      <UniqueIdentifier>{67DA6AB6-F800-4c08-8B7A-83BB121AAD01}</UniqueIdentifier>
      <Extensions>rc;ico;cur;bmp;dlg;rc2;rct;bin;rgs;gif;jpg;jpeg;jpe;resx;tiff;tif;png;wav;mfcribbon-ms</Extensions>
    </Filter>
    <Filter Include="Game">
      <UniqueIdentifier>{839f128b-4c5a-4c97-b41d-127ff6257472}</UniqueIdentifier>
    </Filter>
    <Filter Include="pch">
      <UniqueIdentifier>{a977c1fa-3665-4bc6-8f7e-1b717629c3c9}</UniqueIdentifier>
    </Filter>
    <Filter Include="Game\utils">
      <UniqueIdentifier>{bec8362d-41ff-4af4-a484-a79dcd592eda}</UniqueIdentifier>
    </Filter>
    <Filter Include="Game\scene">
      <UniqueIdentifier>{babadf00-1571-462a-a4de-014222054772}</UniqueIdentifier>
    </Filter>
    <Filter Include="Game\gameobject">
      <UniqueIdentifier>{67048a5a-0b77-4456-9cf9-b58d3f0a9fa0}</UniqueIdentifier>
    </Filter>
  </ItemGroup>
  <ItemGroup>
    <ClInclude Include="targetver.h">
      <Filter>헤더 파일</Filter>
    </ClInclude>
    <ClInclude Include="Resource.h">
      <Filter>헤더 파일</Filter>
    </ClInclude>
    <ClInclude Include="Client.h">
      <Filter>헤더 파일</Filter>
    </ClInclude>
    <ClInclude Include="pch.h">
      <Filter>pch</Filter>
    </ClInclude>
    <ClInclude Include="Game\utils\NonReplacementSampler.h">
      <Filter>Game\utils</Filter>
    </ClInclude>
    <ClInclude Include="Game\utils\RandomEngine.h">
      <Filter>Game\utils</Filter>
    </ClInclude>
    <ClInclude Include="Game\utils\Input.h">
      <Filter>Game\utils</Filter>
    </ClInclude>
    <ClInclude Include="Game\defines.h">
      <Filter>Game</Filter>
    </ClInclude>
    <ClInclude Include="Game\gameobject\GameObject.h">
      <Filter>Game\gameobject</Filter>
    </ClInclude>
    <ClInclude Include="Game\scene\GameScene.h">
      <Filter>Game\scene</Filter>
    </ClInclude>
    <ClInclude Include="Game\scene\Camera.h">
      <Filter>Game\scene</Filter>
    </ClInclude>
    <ClInclude Include="Game\utils\Transform.h">
      <Filter>Game\utils</Filter>
    </ClInclude>
    <ClInclude Include="Game\gameobject\TerrainObject.h">
      <Filter>Game\gameobject</Filter>
    </ClInclude>
    <ClInclude Include="Game\gameobject\CubeObject.h">
      <Filter>Game\gameobject</Filter>
    </ClInclude>
    <ClInclude Include="Game\gameobject\BinObject.h">
      <Filter>Game\gameobject</Filter>
    </ClInclude>
    <ClInclude Include="Game\utils\Math2D.h">
      <Filter>Game\utils</Filter>
    </ClInclude>
    <ClInclude Include="Game\gameobject\UIObject.h">
      <Filter>Game\gameobject</Filter>
    </ClInclude>
  </ItemGroup>
  <ItemGroup>
    <ClCompile Include="Client.cpp">
      <Filter>소스 파일</Filter>
    </ClCompile>
    <ClCompile Include="pch.cpp">
      <Filter>pch</Filter>
    </ClCompile>
    <ClCompile Include="Game\utils\NonReplacementSampler.cpp">
      <Filter>Game\utils</Filter>
    </ClCompile>
    <ClCompile Include="Game\utils\RandomEngine.cpp">
      <Filter>Game\utils</Filter>
    </ClCompile>
    <ClCompile Include="Game\utils\Input.cpp">
      <Filter>Game\utils</Filter>
    </ClCompile>
    <ClCompile Include="Game\defines.cpp">
      <Filter>Game</Filter>
    </ClCompile>
    <ClCompile Include="Game\gameobject\GameObject.cpp">
      <Filter>Game\gameobject</Filter>
    </ClCompile>
    <ClCompile Include="Game\scene\GameScene.cpp">
      <Filter>Game\scene</Filter>
    </ClCompile>
    <ClCompile Include="Game\scene\Camera.cpp">
      <Filter>Game\scene</Filter>
    </ClCompile>
    <ClCompile Include="Game\utils\Transform.cpp">
      <Filter>Game\utils</Filter>
    </ClCompile>
    <ClCompile Include="Game\gameobject\TerrainObject.cpp">
      <Filter>Game\gameobject</Filter>
    </ClCompile>
    <ClCompile Include="Game\gameobject\CubeObject.cpp">
      <Filter>Game\gameobject</Filter>
    </ClCompile>
    <ClCompile Include="Game\gameobject\BinObject.cpp">
      <Filter>Game\gameobject</Filter>
    </ClCompile>
    <ClCompile Include="Game\utils\Math2D.cpp">
      <Filter>Game\utils</Filter>
    </ClCompile>
    <ClCompile Include="Game\gameobject\UIObject.cpp">
      <Filter>Game\gameobject</Filter>
    </ClCompile>
  </ItemGroup>
  <ItemGroup>
    <ResourceCompile Include="Client.rc">
      <Filter>리소스 파일</Filter>
    </ResourceCompile>
  </ItemGroup>
  <ItemGroup>
    <Image Include="small.ico">
      <Filter>리소스 파일</Filter>
    </Image>
    <Image Include="Client.ico">
      <Filter>리소스 파일</Filter>
    </Image>
  </ItemGroup>
</Project>