<?xml version="1.0" encoding="utf-8"?>
<Project ToolsVersion="4.0" xmlns="http://schemas.microsoft.com/developer/msbuild/2003">
  <ItemGroup>
    <Filter Include="소스 파일">
      <UniqueIdentifier>{4FC737F1-C7A5-4376-A066-2A32D752A2FF}</UniqueIdentifier>
      <Extensions>cpp;c;cc;cxx;c++;cppm;ixx;def;odl;idl;hpj;bat;asm;asmx</Extensions>
    </Filter>
    <Filter Include="헤더 파일">
      <UniqueIdentifier>{93995380-89BD-4b04-88EB-625FBE52EBFB}</UniqueIdentifier>
      <Extensions>h;hh;hpp;hxx;h++;hm;inl;inc;ipp;xsd</Extensions>
    </Filter>
    <Filter Include="리소스 파일">
      <UniqueIdentifier>{67DA6AB6-F800-4c08-8B7A-83BB121AAD01}</UniqueIdentifier>
      <Extensions>rc;ico;cur;bmp;dlg;rc2;rct;bin;rgs;gif;jpg;jpeg;jpe;resx;tiff;tif;png;wav;mfcribbon-ms</Extensions>
    </Filter>
    <Filter Include="Game">
      <UniqueIdentifier>{839f128b-4c5a-4c97-b41d-127ff6257472}</UniqueIdentifier>
    </Filter>
    <Filter Include="pch">
      <UniqueIdentifier>{a977c1fa-3665-4bc6-8f7e-1b717629c3c9}</UniqueIdentifier>
    </Filter>
    <Filter Include="Game\utils">
      <UniqueIdentifier>{bec8362d-41ff-4af4-a484-a79dcd592eda}</UniqueIdentifier>
    </Filter>
    <Filter Include="Game\scene">
      <UniqueIdentifier>{babadf00-1571-462a-a4de-014222054772}</UniqueIdentifier>
    </Filter>
    <Filter Include="Game\gameobject">
      <UniqueIdentifier>{67048a5a-0b77-4456-9cf9-b58d3f0a9fa0}</UniqueIdentifier>
    </Filter>
    <Filter Include="Game\dummyServer">
      <UniqueIdentifier>{cf208a1a-1a72-4194-a44a-1fd0dc8fcbfc}</UniqueIdentifier>
    </Filter>
    <Filter Include="Game\scripts">
      <UniqueIdentifier>{eb829d45-2c67-4b72-8e83-f96c1ac14f94}</UniqueIdentifier>
    </Filter>
    <Filter Include="Game\subwindow">
      <UniqueIdentifier>{145da48a-615f-4e1f-9683-9075a7f7d412}</UniqueIdentifier>
    </Filter>
    <Filter Include="Network">
      <UniqueIdentifier>{c424c8da-ce52-4592-b18d-8757662679bc}</UniqueIdentifier>
    </Filter>
  </ItemGroup>
  <ItemGroup>
    <ClInclude Include="targetver.h">
      <Filter>헤더 파일</Filter>
    </ClInclude>
    <ClInclude Include="Resource.h">
      <Filter>헤더 파일</Filter>
    </ClInclude>
    <ClInclude Include="Client.h">
      <Filter>헤더 파일</Filter>
    </ClInclude>
    <ClInclude Include="pch.h">
      <Filter>pch</Filter>
    </ClInclude>
    <ClInclude Include="Game\utils\NonReplacementSampler.h">
      <Filter>Game\utils</Filter>
    </ClInclude>
    <ClInclude Include="Game\utils\RandomEngine.h">
      <Filter>Game\utils</Filter>
    </ClInclude>
    <ClInclude Include="Game\utils\Input.h">
      <Filter>Game\utils</Filter>
    </ClInclude>
    <ClInclude Include="Game\defines.h">
      <Filter>Game</Filter>
    </ClInclude>
    <ClInclude Include="Game\gameobject\GameObject.h">
      <Filter>Game\gameobject</Filter>
    </ClInclude>
    <ClInclude Include="Game\scene\GameScene.h">
      <Filter>Game\scene</Filter>
    </ClInclude>
    <ClInclude Include="Game\scene\Camera.h">
      <Filter>Game\scene</Filter>
    </ClInclude>
    <ClInclude Include="Game\utils\Transform.h">
      <Filter>Game\utils</Filter>
    </ClInclude>
    <ClInclude Include="Game\gameobject\TerrainObject.h">
      <Filter>Game\gameobject</Filter>
    </ClInclude>
    <ClInclude Include="Game\gameobject\CubeObject.h">
      <Filter>Game\gameobject</Filter>
    </ClInclude>
    <ClInclude Include="Game\gameobject\BinObject.h">
      <Filter>Game\gameobject</Filter>
    </ClInclude>
    <ClInclude Include="Game\utils\Math2D.h">
      <Filter>Game\utils</Filter>
    </ClInclude>
    <ClInclude Include="Game\gameobject\UIObject.h">
      <Filter>Game\gameobject</Filter>
    </ClInclude>
    <ClInclude Include="Game\utils\Interface.h">
      <Filter>Game\utils</Filter>
    </ClInclude>
    <ClInclude Include="Game\scene\CameraMode.h">
      <Filter>Game\scene</Filter>
    </ClInclude>
    <ClInclude Include="Game\utils\ObjectPool.h">
      <Filter>Game\utils</Filter>
    </ClInclude>
    <ClInclude Include="Game\utils\Enumerate.h">
      <Filter>Game\utils</Filter>
    </ClInclude>
    <ClInclude Include="Game\dummyServer\DummyServer.h">
      <Filter>Game\dummyServer</Filter>
    </ClInclude>
    <ClInclude Include="Game\scripts\SCRIPT_Player.h">
      <Filter>Game\scripts</Filter>
    </ClInclude>
    <ClInclude Include="Game\utils\Utility.h">
      <Filter>Game\utils</Filter>
    </ClInclude>
    <ClInclude Include="Game\subwindow\ChatWindow.h">
      <Filter>Game\subwindow</Filter>
    </ClInclude>
    <ClInclude Include="Game\network\NetworkFramework.h">
      <Filter>Network</Filter>
    </ClInclude>
    <ClInclude Include="Game\network\ErrorHandler.h">
      <Filter>Network</Filter>
    </ClInclude>
  </ItemGroup>
  <ItemGroup>
    <ClCompile Include="Client.cpp">
      <Filter>소스 파일</Filter>
    </ClCompile>
    <ClCompile Include="pch.cpp">
      <Filter>pch</Filter>
    </ClCompile>
    <ClCompile Include="Game\utils\NonReplacementSampler.cpp">
      <Filter>Game\utils</Filter>
    </ClCompile>
    <ClCompile Include="Game\utils\RandomEngine.cpp">
      <Filter>Game\utils</Filter>
    </ClCompile>
    <ClCompile Include="Game\utils\Input.cpp">
      <Filter>Game\utils</Filter>
    </ClCompile>
    <ClCompile Include="Game\defines.cpp">
      <Filter>Game</Filter>
    </ClCompile>
    <ClCompile Include="Game\gameobject\GameObject.cpp">
      <Filter>Game\gameobject</Filter>
    </ClCompile>
    <ClCompile Include="Game\scene\GameScene.cpp">
      <Filter>Game\scene</Filter>
    </ClCompile>
    <ClCompile Include="Game\scene\Camera.cpp">
      <Filter>Game\scene</Filter>
    </ClCompile>
    <ClCompile Include="Game\utils\Transform.cpp">
      <Filter>Game\utils</Filter>
    </ClCompile>
    <ClCompile Include="Game\gameobject\TerrainObject.cpp">
      <Filter>Game\gameobject</Filter>
    </ClCompile>
    <ClCompile Include="Game\gameobject\CubeObject.cpp">
      <Filter>Game\gameobject</Filter>
    </ClCompile>
    <ClCompile Include="Game\gameobject\BinObject.cpp">
      <Filter>Game\gameobject</Filter>
    </ClCompile>
    <ClCompile Include="Game\utils\Math2D.cpp">
      <Filter>Game\utils</Filter>
    </ClCompile>
    <ClCompile Include="Game\gameobject\UIObject.cpp">
      <Filter>Game\gameobject</Filter>
    </ClCompile>
    <ClCompile Include="Game\utils\Interface.cpp">
      <Filter>Game\utils</Filter>
    </ClCompile>
    <ClCompile Include="Game\scene\CameraMode.cpp">
      <Filter>Game\scene</Filter>
    </ClCompile>
    <ClCompile Include="Game\utils\ObjectPool.cpp">
      <Filter>Game\utils</Filter>
    </ClCompile>
    <ClCompile Include="Game\utils\Enumerate.cpp">
      <Filter>Game\utils</Filter>
    </ClCompile>
    <ClCompile Include="Game\dummyServer\DummyServer.cpp">
      <Filter>Game\dummyServer</Filter>
    </ClCompile>
    <ClCompile Include="Game\scripts\SCRIPT_Player.cpp">
      <Filter>Game\scripts</Filter>
    </ClCompile>
    <ClCompile Include="Game\utils\Utility.cpp">
      <Filter>Game\utils</Filter>
    </ClCompile>
    <ClCompile Include="Game\subwindow\ChatWindow.cpp">
      <Filter>Game\subwindow</Filter>
    </ClCompile>
    <ClCompile Include="Game\network\NetworkFramework.cpp">
      <Filter>Network</Filter>
    </ClCompile>
    <ClCompile Include="Game\network\ErrorHandler.cpp">
      <Filter>Network</Filter>
    </ClCompile>
  </ItemGroup>
  <ItemGroup>
    <ResourceCompile Include="Client.rc">
      <Filter>리소스 파일</Filter>
    </ResourceCompile>
  </ItemGroup>
  <ItemGroup>
    <Image Include="small.ico">
      <Filter>리소스 파일</Filter>
    </Image>
    <Image Include="Client.ico">
      <Filter>리소스 파일</Filter>
    </Image>
  </ItemGroup>
</Project>