<?xml version="1.0" encoding="utf-8"?>
<Project ToolsVersion="4.0" xmlns="http://schemas.microsoft.com/developer/msbuild/2003">
  <ItemGroup>
    <Filter Include="Server">
      <UniqueIdentifier>{23104bfe-6313-4770-a832-57939affd66e}</UniqueIdentifier>
    </Filter>
    <Filter Include="pch">
      <UniqueIdentifier>{c4d01385-86db-49f0-8c0e-d270d7bf7377}</UniqueIdentifier>
    </Filter>
  </ItemGroup>
  <ItemGroup>
    <ClCompile Include="NetworkFramework.cpp">
      <Filter>Server</Filter>
    </ClCompile>
    <ClCompile Include="pch.cpp">
      <Filter>pch</Filter>
    </ClCompile>
    <ClCompile Include="main.cpp">
      <Filter>Server</Filter>
    </ClCompile>
    <ClCompile Include="Client.cpp">
      <Filter>Server</Filter>
    </ClCompile>
  </ItemGroup>
  <ItemGroup>
    <ClInclude Include="NetworkFramework.h">
      <Filter>Server</Filter>
    </ClInclude>
    <ClInclude Include="pch.h">
      <Filter>pch</Filter>
    </ClInclude>
    <ClInclude Include="Client.h">
      <Filter>Server</Filter>
    </ClInclude>
  </ItemGroup>
</Project>