<?xml version="1.0" encoding="utf-8"?>
<Project ToolsVersion="4.0" xmlns="http://schemas.microsoft.com/developer/msbuild/2003">
  <ItemGroup>
    <Filter Include="pch">
      <UniqueIdentifier>{3345004b-bbc3-4876-8a70-46b736862132}</UniqueIdentifier>
    </Filter>
    <Filter Include="directx">
      <UniqueIdentifier>{f259c790-e2cd-4120-bab0-d72ddfc488ff}</UniqueIdentifier>
    </Filter>
    <Filter Include="resource">
      <UniqueIdentifier>{7d4af0d4-7afb-44fb-baa7-3303741f9576}</UniqueIdentifier>
    </Filter>
    <Filter Include="ui">
      <UniqueIdentifier>{7b3a930d-3d1f-45c3-ad06-24a527222c95}</UniqueIdentifier>
    </Filter>
    <Filter Include="external">
      <UniqueIdentifier>{f28712b9-b5d7-4325-ab00-7b90a499bf19}</UniqueIdentifier>
    </Filter>
    <Filter Include="external\imgui">
      <UniqueIdentifier>{c011c5bf-176a-42d1-afb1-4339f0f10afb}</UniqueIdentifier>
    </Filter>
    <Filter Include="Shader">
      <UniqueIdentifier>{8368ebbb-d502-4504-acce-29b11bde579e}</UniqueIdentifier>
    </Filter>
    <Filter Include="buffer">
      <UniqueIdentifier>{ee15e1e2-32a4-43db-8e06-17f0fc66d718}</UniqueIdentifier>
    </Filter>
    <Filter Include="scene">
      <UniqueIdentifier>{b7a19a54-fa5c-49a2-95b8-22b52a11f866}</UniqueIdentifier>
    </Filter>
    <Filter Include="core">
      <UniqueIdentifier>{839dcdc4-305d-48c4-af22-6fbe0a584821}</UniqueIdentifier>
    </Filter>
  </ItemGroup>
  <ItemGroup>
    <ClInclude Include="pch.h">
      <Filter>pch</Filter>
    </ClInclude>
    <ClInclude Include="core\Utility.h">
      <Filter>core</Filter>
    </ClInclude>
    <ClInclude Include="directx\DxRenderer.h">
      <Filter>directx</Filter>
    </ClInclude>
    <ClInclude Include="directx\RenderTarget.h">
      <Filter>directx</Filter>
    </ClInclude>
    <ClInclude Include="directx\SwapChain.h">
      <Filter>directx</Filter>
    </ClInclude>
    <ClInclude Include="core\Timer.h">
      <Filter>core</Filter>
    </ClInclude>
    <ClInclude Include="directx\FrameMemory.h">
      <Filter>directx</Filter>
    </ClInclude>
    <ClInclude Include="external\Include\ImGui\imconfig.h">
      <Filter>external\imgui</Filter>
    </ClInclude>
    <ClInclude Include="external\Include\ImGui\imgui.h">
      <Filter>external\imgui</Filter>
    </ClInclude>
    <ClInclude Include="external\Include\ImGui\imgui_impl_dx12.h">
      <Filter>external\imgui</Filter>
    </ClInclude>
    <ClInclude Include="external\Include\ImGui\imgui_impl_win32.h">
      <Filter>external\imgui</Filter>
    </ClInclude>
    <ClInclude Include="external\Include\ImGui\imgui_internal.h">
      <Filter>external\imgui</Filter>
    </ClInclude>
    <ClInclude Include="external\Include\ImGui\imstb_rectpack.h">
      <Filter>external\imgui</Filter>
    </ClInclude>
    <ClInclude Include="external\Include\ImGui\imstb_textedit.h">
      <Filter>external\imgui</Filter>
    </ClInclude>
    <ClInclude Include="external\Include\ImGui\imstb_truetype.h">
      <Filter>external\imgui</Filter>
    </ClInclude>
    <ClInclude Include="ui\Console.h">
      <Filter>ui</Filter>
    </ClInclude>
    <ClInclude Include="ui\HexColors.h">
      <Filter>ui</Filter>
    </ClInclude>
    <ClInclude Include="resource\Shader.h">
      <Filter>resource</Filter>
    </ClInclude>
    <ClInclude Include="resource\Mesh.h">
      <Filter>resource</Filter>
    </ClInclude>
    <ClInclude Include="resource\Model.h">
      <Filter>resource</Filter>
    </ClInclude>
    <ClInclude Include="buffer\DefaultBuffer.h">
      <Filter>buffer</Filter>
    </ClInclude>
    <ClInclude Include="buffer\UploadBuffer.h">
      <Filter>buffer</Filter>
    </ClInclude>
    <ClInclude Include="core\defines.h">
      <Filter>core</Filter>
    </ClInclude>
    <ClInclude Include="resource\TerrainImage.h">
      <Filter>resource</Filter>
    </ClInclude>
    <ClInclude Include="scene\Scene.h">
      <Filter>scene</Filter>
    </ClInclude>
    <ClInclude Include="scene\ResourceManager.h">
      <Filter>scene</Filter>
    </ClInclude>
    <ClInclude Include="core\Interface.h">
      <Filter>core</Filter>
    </ClInclude>
    <ClInclude Include="ui\UIRenderer.h">
      <Filter>ui</Filter>
    </ClInclude>
    <ClInclude Include="core\window.h">
      <Filter>core</Filter>
    </ClInclude>
  </ItemGroup>
  <ItemGroup>
    <ClCompile Include="pch.cpp">
      <Filter>pch</Filter>
    </ClCompile>
    <ClCompile Include="core\Utility.cpp">
      <Filter>core</Filter>
    </ClCompile>
    <ClCompile Include="core\window.cpp">
      <Filter>core</Filter>
    </ClCompile>
    <ClCompile Include="directx\DxRenderer.cpp">
      <Filter>directx</Filter>
    </ClCompile>
    <ClCompile Include="directx\RenderTarget.cpp">
      <Filter>directx</Filter>
    </ClCompile>
    <ClCompile Include="directx\SwapChain.cpp">
      <Filter>directx</Filter>
    </ClCompile>
    <ClCompile Include="core\Timer.cpp">
      <Filter>core</Filter>
    </ClCompile>
    <ClCompile Include="directx\FrameMemory.cpp">
      <Filter>directx</Filter>
    </ClCompile>
    <ClCompile Include="external\Include\ImGui\imgui.cpp">
      <Filter>external\imgui</Filter>
    </ClCompile>
    <ClCompile Include="external\Include\ImGui\imgui_demo.cpp">
      <Filter>external\imgui</Filter>
    </ClCompile>
    <ClCompile Include="external\Include\ImGui\imgui_draw.cpp">
      <Filter>external\imgui</Filter>
    </ClCompile>
    <ClCompile Include="external\Include\ImGui\imgui_impl_dx12.cpp">
      <Filter>external\imgui</Filter>
    </ClCompile>
    <ClCompile Include="external\Include\ImGui\imgui_impl_win32.cpp">
      <Filter>external\imgui</Filter>
    </ClCompile>
    <ClCompile Include="external\Include\ImGui\imgui_tables.cpp">
      <Filter>external\imgui</Filter>
    </ClCompile>
    <ClCompile Include="external\Include\ImGui\imgui_widgets.cpp">
      <Filter>external\imgui</Filter>
    </ClCompile>
    <ClCompile Include="ui\Console.cpp">
      <Filter>ui</Filter>
    </ClCompile>
    <ClCompile Include="ui\HexColors.cpp">
      <Filter>ui</Filter>
    </ClCompile>
    <ClCompile Include="resource\Shader.cpp">
      <Filter>resource</Filter>
    </ClCompile>
    <ClCompile Include="resource\Mesh.cpp">
      <Filter>resource</Filter>
    </ClCompile>
    <ClCompile Include="resource\Model.cpp">
      <Filter>resource</Filter>
    </ClCompile>
    <ClCompile Include="buffer\DefaultBuffer.cpp">
      <Filter>buffer</Filter>
    </ClCompile>
    <ClCompile Include="buffer\UploadBuffer.cpp">
      <Filter>buffer</Filter>
    </ClCompile>
    <ClCompile Include="core\defines.cpp">
      <Filter>core</Filter>
    </ClCompile>
    <ClCompile Include="resource\TerrainImage.cpp">
      <Filter>resource</Filter>
    </ClCompile>
    <ClCompile Include="scene\Scene.cpp">
      <Filter>scene</Filter>
    </ClCompile>
    <ClCompile Include="scene\ResourceManager.cpp">
      <Filter>scene</Filter>
    </ClCompile>
    <ClCompile Include="core\Interface.cpp">
      <Filter>core</Filter>
    </ClCompile>
    <ClCompile Include="ui\UIRenderer.cpp">
      <Filter>ui</Filter>
    </ClCompile>
  </ItemGroup>
  <ItemGroup>
    <FxCompile Include="..\Shaders\HLSLs\Standard.hlsl">
      <Filter>Shader</Filter>
    </FxCompile>
    <FxCompile Include="..\Shaders\HLSLs\Params.hlsl">
      <Filter>Shader</Filter>
    </FxCompile>
    <FxCompile Include="..\Shaders\HLSLs\Terrain.hlsl">
      <Filter>Shader</Filter>
    </FxCompile>
    <FxCompile Include="..\Shaders\HLSLs\TexturedObject.hlsl">
      <Filter>Shader</Filter>
    </FxCompile>
    <FxCompile Include="..\Shaders\HLSLs\UI.hlsl">
      <Filter>Shader</Filter>
    </FxCompile>
  </ItemGroup>
</Project>