<?xml version="1.0" encoding="utf-8"?>
<Project ToolsVersion="4.0" xmlns="http://schemas.microsoft.com/developer/msbuild/2003">
  <ItemGroup>
    <Filter Include="pch">
      <UniqueIdentifier>{3345004b-bbc3-4876-8a70-46b736862132}</UniqueIdentifier>
    </Filter>
    <Filter Include="Core">
      <UniqueIdentifier>{839dcdc4-305d-48c4-af22-6fbe0a584821}</UniqueIdentifier>
    </Filter>
    <Filter Include="directx">
      <UniqueIdentifier>{f259c790-e2cd-4120-bab0-d72ddfc488ff}</UniqueIdentifier>
    </Filter>
    <Filter Include="resource">
      <UniqueIdentifier>{7d4af0d4-7afb-44fb-baa7-3303741f9576}</UniqueIdentifier>
    </Filter>
  </ItemGroup>
  <ItemGroup>
    <ClInclude Include="pch.h">
      <Filter>pch</Filter>
    </ClInclude>
    <ClInclude Include="core\Renderer.h">
      <Filter>Core</Filter>
    </ClInclude>
    <ClInclude Include="core\Utility.h">
      <Filter>Core</Filter>
    </ClInclude>
    <ClInclude Include="core\window.h">
      <Filter>Core</Filter>
    </ClInclude>
    <ClInclude Include="directx\DxRenderer.h">
      <Filter>directx</Filter>
    </ClInclude>
    <ClInclude Include="resource\Texture.h">
      <Filter>resource</Filter>
    </ClInclude>
    <ClInclude Include="directx\RenderTarget.h">
      <Filter>directx</Filter>
    </ClInclude>
    <ClInclude Include="directx\SwapChain.h">
      <Filter>directx</Filter>
    </ClInclude>
    <ClInclude Include="core\Timer.h">
      <Filter>Core</Filter>
    </ClInclude>
    <ClInclude Include="directx\FrameMemory.h">
      <Filter>directx</Filter>
    </ClInclude>
  </ItemGroup>
  <ItemGroup>
    <ClCompile Include="pch.cpp">
      <Filter>pch</Filter>
    </ClCompile>
    <ClCompile Include="core\Renderer.cpp">
      <Filter>Core</Filter>
    </ClCompile>
    <ClCompile Include="core\Utility.cpp">
      <Filter>Core</Filter>
    </ClCompile>
    <ClCompile Include="core\window.cpp">
      <Filter>Core</Filter>
    </ClCompile>
    <ClCompile Include="directx\DxRenderer.cpp">
      <Filter>directx</Filter>
    </ClCompile>
    <ClCompile Include="resource\Texture.cpp">
      <Filter>resource</Filter>
    </ClCompile>
    <ClCompile Include="directx\RenderTarget.cpp">
      <Filter>directx</Filter>
    </ClCompile>
    <ClCompile Include="directx\SwapChain.cpp">
      <Filter>directx</Filter>
    </ClCompile>
    <ClCompile Include="core\Timer.cpp">
      <Filter>Core</Filter>
    </ClCompile>
    <ClCompile Include="directx\FrameMemory.cpp">
      <Filter>directx</Filter>
    </ClCompile>
  </ItemGroup>
</Project>